
Microsoft Visual Studio Solution File, Format Version 12.00
# Visual Studio Version 17
VisualStudioVersion = 17.3.32811.315
MinimumVisualStudioVersion = 10.0.40219.1
Project("{FAE04EC0-301F-11D3-BF4B-00C04F79EFBC}") = "ConsoleApp1", "ConsoleApp1\ConsoleApp1.csproj", "{844C6E6A-8CFF-4747-B7C3-9EF43539ACDA}"
EndProject
Global
	GlobalSection(SolutionConfigurationPlatforms) = preSolution
		Debug|Any CPU = Debug|Any CPU
		Release|Any CPU = Release|Any CPU
	EndGlobalSection
	GlobalSection(ProjectConfigurationPlatforms) = postSolution
		{844C6E6A-8CFF-4747-B7C3-9EF43539ACDA}.Debug|Any CPU.ActiveCfg = Debug|Any CPU
		{844C6E6A-8CFF-4747-B7C3-9EF43539ACDA}.Debug|Any CPU.Build.0 = Debug|Any CPU
		{844C6E6A-8CFF-4747-B7C3-9EF43539ACDA}.Release|Any CPU.ActiveCfg = Release|Any CPU
		{844C6E6A-8CFF-4747-B7C3-9EF43539ACDA}.Release|Any CPU.Build.0 = Release|Any CPU
	EndGlobalSection
	GlobalSection(SolutionProperties) = preSolution
		HideSolutionNode = FALSE
	EndGlobalSection
	GlobalSection(ExtensibilityGlobals) = postSolution
		SolutionGuid = {5245C83E-EE6B-4DF3-88BA-909419DA637B}
	EndGlobalSection
EndGlobal
